// !$*UTF8*$!
{
	archiveVersion = 1;
	classes = {
	};
	objectVersion = 50;
	objects = {

/* Begin PBXBuildFile section */
		CD17D9C12639D3FF005C1D0A /* EditItemView.swift in Sources */ = {isa = PBXBuildFile; fileRef = CD17D9C02639D3FF005C1D0A /* EditItemView.swift */; };
		CD17D9C42639DECC005C1D0A /* ItemRowView.swift in Sources */ = {isa = PBXBuildFile; fileRef = CD17D9C32639DECC005C1D0A /* ItemRowView.swift */; };
		CDD0EAF22632D0DC00FC099B /* UltimatePortfolioApp.swift in Sources */ = {isa = PBXBuildFile; fileRef = CDD0EAF12632D0DC00FC099B /* UltimatePortfolioApp.swift */; };
		CDD0EAF42632D0DC00FC099B /* ContentView.swift in Sources */ = {isa = PBXBuildFile; fileRef = CDD0EAF32632D0DC00FC099B /* ContentView.swift */; };
		CDD0EAF62632D0DC00FC099B /* Assets.xcassets in Resources */ = {isa = PBXBuildFile; fileRef = CDD0EAF52632D0DC00FC099B /* Assets.xcassets */; };
		CDD0EAF92632D0DC00FC099B /* Preview Assets.xcassets in Resources */ = {isa = PBXBuildFile; fileRef = CDD0EAF82632D0DC00FC099B /* Preview Assets.xcassets */; };
		CDD0EB032632D1F000FC099B /* Main.xcdatamodeld in Sources */ = {isa = PBXBuildFile; fileRef = CDD0EB012632D1F000FC099B /* Main.xcdatamodeld */; };
		CDD0EB062632D6B500FC099B /* DataController.swift in Sources */ = {isa = PBXBuildFile; fileRef = CDD0EB052632D6B500FC099B /* DataController.swift */; };
		CDD0EB0A26343BBC00FC099B /* HomeView.swift in Sources */ = {isa = PBXBuildFile; fileRef = CDD0EB0926343BBC00FC099B /* HomeView.swift */; };
		CDD0EB0E2635875400FC099B /* ProjectsView.swift in Sources */ = {isa = PBXBuildFile; fileRef = CDD0EB0D2635875400FC099B /* ProjectsView.swift */; };
		CDD0EB112635B93E00FC099B /* Item-CoreDataHelpers.swift in Sources */ = {isa = PBXBuildFile; fileRef = CDD0EB102635B93E00FC099B /* Item-CoreDataHelpers.swift */; };
		CDD0EB142635BA7D00FC099B /* Project-CoreDataHelpers.swift in Sources */ = {isa = PBXBuildFile; fileRef = CDD0EB132635BA7D00FC099B /* Project-CoreDataHelpers.swift */; };
/* End PBXBuildFile section */

/* Begin PBXFileReference section */
		CD17D9C02639D3FF005C1D0A /* EditItemView.swift */ = {isa = PBXFileReference; lastKnownFileType = sourcecode.swift; path = EditItemView.swift; sourceTree = "<group>"; };
		CD17D9C32639DECC005C1D0A /* ItemRowView.swift */ = {isa = PBXFileReference; lastKnownFileType = sourcecode.swift; path = ItemRowView.swift; sourceTree = "<group>"; };
		CDD0EAEE2632D0DC00FC099B /* UltimatePortfolio.app */ = {isa = PBXFileReference; explicitFileType = wrapper.application; includeInIndex = 0; path = UltimatePortfolio.app; sourceTree = BUILT_PRODUCTS_DIR; };
		CDD0EAF12632D0DC00FC099B /* UltimatePortfolioApp.swift */ = {isa = PBXFileReference; lastKnownFileType = sourcecode.swift; path = UltimatePortfolioApp.swift; sourceTree = "<group>"; };
		CDD0EAF32632D0DC00FC099B /* ContentView.swift */ = {isa = PBXFileReference; lastKnownFileType = sourcecode.swift; path = ContentView.swift; sourceTree = "<group>"; };
		CDD0EAF52632D0DC00FC099B /* Assets.xcassets */ = {isa = PBXFileReference; lastKnownFileType = folder.assetcatalog; path = Assets.xcassets; sourceTree = "<group>"; };
		CDD0EAF82632D0DC00FC099B /* Preview Assets.xcassets */ = {isa = PBXFileReference; lastKnownFileType = folder.assetcatalog; path = "Preview Assets.xcassets"; sourceTree = "<group>"; };
		CDD0EAFA2632D0DC00FC099B /* Info.plist */ = {isa = PBXFileReference; lastKnownFileType = text.plist.xml; path = Info.plist; sourceTree = "<group>"; };
		CDD0EB022632D1F000FC099B /* Main.xcdatamodel */ = {isa = PBXFileReference; lastKnownFileType = wrapper.xcdatamodel; path = Main.xcdatamodel; sourceTree = "<group>"; };
		CDD0EB052632D6B500FC099B /* DataController.swift */ = {isa = PBXFileReference; lastKnownFileType = sourcecode.swift; path = DataController.swift; sourceTree = "<group>"; };
		CDD0EB0926343BBC00FC099B /* HomeView.swift */ = {isa = PBXFileReference; lastKnownFileType = sourcecode.swift; path = HomeView.swift; sourceTree = "<group>"; };
		CDD0EB0D2635875400FC099B /* ProjectsView.swift */ = {isa = PBXFileReference; lastKnownFileType = sourcecode.swift; path = ProjectsView.swift; sourceTree = "<group>"; };
		CDD0EB102635B93E00FC099B /* Item-CoreDataHelpers.swift */ = {isa = PBXFileReference; lastKnownFileType = sourcecode.swift; path = "Item-CoreDataHelpers.swift"; sourceTree = "<group>"; };
		CDD0EB132635BA7D00FC099B /* Project-CoreDataHelpers.swift */ = {isa = PBXFileReference; lastKnownFileType = sourcecode.swift; path = "Project-CoreDataHelpers.swift"; sourceTree = "<group>"; };
/* End PBXFileReference section */

/* Begin PBXFrameworksBuildPhase section */
		CDD0EAEB2632D0DC00FC099B /* Frameworks */ = {
			isa = PBXFrameworksBuildPhase;
			buildActionMask = 2147483647;
			files = (
			);
			runOnlyForDeploymentPostprocessing = 0;
		};
/* End PBXFrameworksBuildPhase section */

/* Begin PBXGroup section */
		CDD0EAE52632D0DC00FC099B = {
			isa = PBXGroup;
			children = (
				CDD0EAF02632D0DC00FC099B /* UltimatePortfolio */,
				CDD0EAEF2632D0DC00FC099B /* Products */,
			);
			sourceTree = "<group>";
		};
		CDD0EAEF2632D0DC00FC099B /* Products */ = {
			isa = PBXGroup;
			children = (
				CDD0EAEE2632D0DC00FC099B /* UltimatePortfolio.app */,
			);
			name = Products;
			sourceTree = "<group>";
		};
		CDD0EAF02632D0DC00FC099B /* UltimatePortfolio */ = {
			isa = PBXGroup;
			children = (
				CDD0EB0926343BBC00FC099B /* HomeView.swift */,
				CDD0EB0D2635875400FC099B /* ProjectsView.swift */,
				CDD0EAF12632D0DC00FC099B /* UltimatePortfolioApp.swift */,
				CDD0EAF32632D0DC00FC099B /* ContentView.swift */,
				CD17D9C02639D3FF005C1D0A /* EditItemView.swift */,
				CD17D9C32639DECC005C1D0A /* ItemRowView.swift */,
				CDD0EB102635B93E00FC099B /* Item-CoreDataHelpers.swift */,
				CDD0EB132635BA7D00FC099B /* Project-CoreDataHelpers.swift */,
				CDD0EB012632D1F000FC099B /* Main.xcdatamodeld */,
				CDD0EB052632D6B500FC099B /* DataController.swift */,
				CDD0EAF52632D0DC00FC099B /* Assets.xcassets */,
				CDD0EAFA2632D0DC00FC099B /* Info.plist */,
				CDD0EAF72632D0DC00FC099B /* Preview Content */,
			);
			path = UltimatePortfolio;
			sourceTree = "<group>";
		};
		CDD0EAF72632D0DC00FC099B /* Preview Content */ = {
			isa = PBXGroup;
			children = (
				CDD0EAF82632D0DC00FC099B /* Preview Assets.xcassets */,
			);
			path = "Preview Content";
			sourceTree = "<group>";
		};
/* End PBXGroup section */

/* Begin PBXNativeTarget section */
		CDD0EAED2632D0DC00FC099B /* UltimatePortfolio */ = {
			isa = PBXNativeTarget;
			buildConfigurationList = CDD0EAFD2632D0DC00FC099B /* Build configuration list for PBXNativeTarget "UltimatePortfolio" */;
			buildPhases = (
				CDD0EAEA2632D0DC00FC099B /* Sources */,
				CDD0EAEB2632D0DC00FC099B /* Frameworks */,
				CDD0EAEC2632D0DC00FC099B /* Resources */,
			);
			buildRules = (
			);
			dependencies = (
			);
			name = UltimatePortfolio;
			productName = UltimatePortfolio;
			productReference = CDD0EAEE2632D0DC00FC099B /* UltimatePortfolio.app */;
			productType = "com.apple.product-type.application";
		};
/* End PBXNativeTarget section */

/* Begin PBXProject section */
		CDD0EAE62632D0DC00FC099B /* Project object */ = {
			isa = PBXProject;
			attributes = {
				LastSwiftUpdateCheck = 1240;
				LastUpgradeCheck = 1240;
				TargetAttributes = {
					CDD0EAED2632D0DC00FC099B = {
						CreatedOnToolsVersion = 12.4;
					};
				};
			};
			buildConfigurationList = CDD0EAE92632D0DC00FC099B /* Build configuration list for PBXProject "UltimatePortfolio" */;
			compatibilityVersion = "Xcode 9.3";
			developmentRegion = en;
			hasScannedForEncodings = 0;
			knownRegions = (
				en,
				Base,
			);
			mainGroup = CDD0EAE52632D0DC00FC099B;
			productRefGroup = CDD0EAEF2632D0DC00FC099B /* Products */;
			projectDirPath = "";
			projectRoot = "";
			targets = (
				CDD0EAED2632D0DC00FC099B /* UltimatePortfolio */,
			);
		};
/* End PBXProject section */

/* Begin PBXResourcesBuildPhase section */
		CDD0EAEC2632D0DC00FC099B /* Resources */ = {
			isa = PBXResourcesBuildPhase;
			buildActionMask = 2147483647;
			files = (
				CDD0EAF92632D0DC00FC099B /* Preview Assets.xcassets in Resources */,
				CDD0EAF62632D0DC00FC099B /* Assets.xcassets in Resources */,
			);
			runOnlyForDeploymentPostprocessing = 0;
		};
/* End PBXResourcesBuildPhase section */

/* Begin PBXSourcesBuildPhase section */
		CDD0EAEA2632D0DC00FC099B /* Sources */ = {
			isa = PBXSourcesBuildPhase;
			buildActionMask = 2147483647;
			files = (
				CDD0EB0E2635875400FC099B /* ProjectsView.swift in Sources */,
				CDD0EB032632D1F000FC099B /* Main.xcdatamodeld in Sources */,
				CDD0EB142635BA7D00FC099B /* Project-CoreDataHelpers.swift in Sources */,
				CDD0EB062632D6B500FC099B /* DataController.swift in Sources */,
				CD17D9C42639DECC005C1D0A /* ItemRowView.swift in Sources */,
				CDD0EAF42632D0DC00FC099B /* ContentView.swift in Sources */,
				CDD0EB0A26343BBC00FC099B /* HomeView.swift in Sources */,
				CDD0EAF22632D0DC00FC099B /* UltimatePortfolioApp.swift in Sources */,
				CDD0EB112635B93E00FC099B /* Item-CoreDataHelpers.swift in Sources */,
				CD17D9C12639D3FF005C1D0A /* EditItemView.swift in Sources */,
			);
			runOnlyForDeploymentPostprocessing = 0;
		};
/* End PBXSourcesBuildPhase section */

/* Begin XCBuildConfiguration section */
		CDD0EAFB2632D0DC00FC099B /* Debug */ = {
			isa = XCBuildConfiguration;
			buildSettings = {
				ALWAYS_SEARCH_USER_PATHS = NO;
				CLANG_ANALYZER_NONNULL = YES;
				CLANG_ANALYZER_NUMBER_OBJECT_CONVERSION = YES_AGGRESSIVE;
				CLANG_CXX_LANGUAGE_STANDARD = "gnu++14";
				CLANG_CXX_LIBRARY = "libc++";
				CLANG_ENABLE_MODULES = YES;
				CLANG_ENABLE_OBJC_ARC = YES;
				CLANG_ENABLE_OBJC_WEAK = YES;
				CLANG_WARN_BLOCK_CAPTURE_AUTORELEASING = YES;
				CLANG_WARN_BOOL_CONVERSION = YES;
				CLANG_WARN_COMMA = YES;
				CLANG_WARN_CONSTANT_CONVERSION = YES;
				CLANG_WARN_DEPRECATED_OBJC_IMPLEMENTATIONS = YES;
				CLANG_WARN_DIRECT_OBJC_ISA_USAGE = YES_ERROR;
				CLANG_WARN_DOCUMENTATION_COMMENTS = YES;
				CLANG_WARN_EMPTY_BODY = YES;
				CLANG_WARN_ENUM_CONVERSION = YES;
				CLANG_WARN_INFINITE_RECURSION = YES;
				CLANG_WARN_INT_CONVERSION = YES;
				CLANG_WARN_NON_LITERAL_NULL_CONVERSION = YES;
				CLANG_WARN_OBJC_IMPLICIT_RETAIN_SELF = YES;
				CLANG_WARN_OBJC_LITERAL_CONVERSION = YES;
				CLANG_WARN_OBJC_ROOT_CLASS = YES_ERROR;
				CLANG_WARN_QUOTED_INCLUDE_IN_FRAMEWORK_HEADER = YES;
				CLANG_WARN_RANGE_LOOP_ANALYSIS = YES;
				CLANG_WARN_STRICT_PROTOTYPES = YES;
				CLANG_WARN_SUSPICIOUS_MOVE = YES;
				CLANG_WARN_UNGUARDED_AVAILABILITY = YES_AGGRESSIVE;
				CLANG_WARN_UNREACHABLE_CODE = YES;
				CLANG_WARN__DUPLICATE_METHOD_MATCH = YES;
				COPY_PHASE_STRIP = NO;
				DEBUG_INFORMATION_FORMAT = dwarf;
				ENABLE_STRICT_OBJC_MSGSEND = YES;
				ENABLE_TESTABILITY = YES;
				GCC_C_LANGUAGE_STANDARD = gnu11;
				GCC_DYNAMIC_NO_PIC = NO;
				GCC_NO_COMMON_BLOCKS = YES;
				GCC_OPTIMIZATION_LEVEL = 0;
				GCC_PREPROCESSOR_DEFINITIONS = (
					"DEBUG=1",
					"$(inherited)",
				);
				GCC_WARN_64_TO_32_BIT_CONVERSION = YES;
				GCC_WARN_ABOUT_RETURN_TYPE = YES_ERROR;
				GCC_WARN_UNDECLARED_SELECTOR = YES;
				GCC_WARN_UNINITIALIZED_AUTOS = YES_AGGRESSIVE;
				GCC_WARN_UNUSED_FUNCTION = YES;
				GCC_WARN_UNUSED_VARIABLE = YES;
				IPHONEOS_DEPLOYMENT_TARGET = 14.4;
				MTL_ENABLE_DEBUG_INFO = INCLUDE_SOURCE;
				MTL_FAST_MATH = YES;
				ONLY_ACTIVE_ARCH = YES;
				SDKROOT = iphoneos;
				SWIFT_ACTIVE_COMPILATION_CONDITIONS = DEBUG;
				SWIFT_OPTIMIZATION_LEVEL = "-Onone";
			};
			name = Debug;
		};
		CDD0EAFC2632D0DC00FC099B /* Release */ = {
			isa = XCBuildConfiguration;
			buildSettings = {
				ALWAYS_SEARCH_USER_PATHS = NO;
				CLANG_ANALYZER_NONNULL = YES;
				CLANG_ANALYZER_NUMBER_OBJECT_CONVERSION = YES_AGGRESSIVE;
				CLANG_CXX_LANGUAGE_STANDARD = "gnu++14";
				CLANG_CXX_LIBRARY = "libc++";
				CLANG_ENABLE_MODULES = YES;
				CLANG_ENABLE_OBJC_ARC = YES;
				CLANG_ENABLE_OBJC_WEAK = YES;
				CLANG_WARN_BLOCK_CAPTURE_AUTORELEASING = YES;
				CLANG_WARN_BOOL_CONVERSION = YES;
				CLANG_WARN_COMMA = YES;
				CLANG_WARN_CONSTANT_CONVERSION = YES;
				CLANG_WARN_DEPRECATED_OBJC_IMPLEMENTATIONS = YES;
				CLANG_WARN_DIRECT_OBJC_ISA_USAGE = YES_ERROR;
				CLANG_WARN_DOCUMENTATION_COMMENTS = YES;
				CLANG_WARN_EMPTY_BODY = YES;
				CLANG_WARN_ENUM_CONVERSION = YES;
				CLANG_WARN_INFINITE_RECURSION = YES;
				CLANG_WARN_INT_CONVERSION = YES;
				CLANG_WARN_NON_LITERAL_NULL_CONVERSION = YES;
				CLANG_WARN_OBJC_IMPLICIT_RETAIN_SELF = YES;
				CLANG_WARN_OBJC_LITERAL_CONVERSION = YES;
				CLANG_WARN_OBJC_ROOT_CLASS = YES_ERROR;
				CLANG_WARN_QUOTED_INCLUDE_IN_FRAMEWORK_HEADER = YES;
				CLANG_WARN_RANGE_LOOP_ANALYSIS = YES;
				CLANG_WARN_STRICT_PROTOTYPES = YES;
				CLANG_WARN_SUSPICIOUS_MOVE = YES;
				CLANG_WARN_UNGUARDED_AVAILABILITY = YES_AGGRESSIVE;
				CLANG_WARN_UNREACHABLE_CODE = YES;
				CLANG_WARN__DUPLICATE_METHOD_MATCH = YES;
				COPY_PHASE_STRIP = NO;
				DEBUG_INFORMATION_FORMAT = "dwarf-with-dsym";
				ENABLE_NS_ASSERTIONS = NO;
				ENABLE_STRICT_OBJC_MSGSEND = YES;
				GCC_C_LANGUAGE_STANDARD = gnu11;
				GCC_NO_COMMON_BLOCKS = YES;
				GCC_WARN_64_TO_32_BIT_CONVERSION = YES;
				GCC_WARN_ABOUT_RETURN_TYPE = YES_ERROR;
				GCC_WARN_UNDECLARED_SELECTOR = YES;
				GCC_WARN_UNINITIALIZED_AUTOS = YES_AGGRESSIVE;
				GCC_WARN_UNUSED_FUNCTION = YES;
				GCC_WARN_UNUSED_VARIABLE = YES;
				IPHONEOS_DEPLOYMENT_TARGET = 14.4;
				MTL_ENABLE_DEBUG_INFO = NO;
				MTL_FAST_MATH = YES;
				SDKROOT = iphoneos;
				SWIFT_COMPILATION_MODE = wholemodule;
				SWIFT_OPTIMIZATION_LEVEL = "-O";
				VALIDATE_PRODUCT = YES;
			};
			name = Release;
		};
		CDD0EAFE2632D0DC00FC099B /* Debug */ = {
			isa = XCBuildConfiguration;
			buildSettings = {
				ASSETCATALOG_COMPILER_APPICON_NAME = AppIcon;
				ASSETCATALOG_COMPILER_GLOBAL_ACCENT_COLOR_NAME = AccentColor;
				CODE_SIGN_STYLE = Automatic;
				DEVELOPMENT_ASSET_PATHS = "\"UltimatePortfolio/Preview Content\"";
				DEVELOPMENT_TEAM = Z7788V56C7;
				ENABLE_PREVIEWS = YES;
				INFOPLIST_FILE = UltimatePortfolio/Info.plist;
				IPHONEOS_DEPLOYMENT_TARGET = 14.0;
				LD_RUNPATH_SEARCH_PATHS = (
					"$(inherited)",
					"@executable_path/Frameworks",
				);
				PRODUCT_BUNDLE_IDENTIFIER = com.vladvrublevsky.UltimatePortfolio;
				PRODUCT_NAME = "$(TARGET_NAME)";
				SWIFT_VERSION = 5.0;
				TARGETED_DEVICE_FAMILY = "1,2";
			};
			name = Debug;
		};
		CDD0EAFF2632D0DC00FC099B /* Release */ = {
			isa = XCBuildConfiguration;
			buildSettings = {
				ASSETCATALOG_COMPILER_APPICON_NAME = AppIcon;
				ASSETCATALOG_COMPILER_GLOBAL_ACCENT_COLOR_NAME = AccentColor;
				CODE_SIGN_STYLE = Automatic;
				DEVELOPMENT_ASSET_PATHS = "\"UltimatePortfolio/Preview Content\"";
				DEVELOPMENT_TEAM = Z7788V56C7;
				ENABLE_PREVIEWS = YES;
				INFOPLIST_FILE = UltimatePortfolio/Info.plist;
				IPHONEOS_DEPLOYMENT_TARGET = 14.0;
				LD_RUNPATH_SEARCH_PATHS = (
					"$(inherited)",
					"@executable_path/Frameworks",
				);
				PRODUCT_BUNDLE_IDENTIFIER = com.vladvrublevsky.UltimatePortfolio;
				PRODUCT_NAME = "$(TARGET_NAME)";
				SWIFT_VERSION = 5.0;
				TARGETED_DEVICE_FAMILY = "1,2";
			};
			name = Release;
		};
/* End XCBuildConfiguration section */

/* Begin XCConfigurationList section */
		CDD0EAE92632D0DC00FC099B /* Build configuration list for PBXProject "UltimatePortfolio" */ = {
			isa = XCConfigurationList;
			buildConfigurations = (
				CDD0EAFB2632D0DC00FC099B /* Debug */,
				CDD0EAFC2632D0DC00FC099B /* Release */,
			);
			defaultConfigurationIsVisible = 0;
			defaultConfigurationName = Release;
		};
		CDD0EAFD2632D0DC00FC099B /* Build configuration list for PBXNativeTarget "UltimatePortfolio" */ = {
			isa = XCConfigurationList;
			buildConfigurations = (
				CDD0EAFE2632D0DC00FC099B /* Debug */,
				CDD0EAFF2632D0DC00FC099B /* Release */,
			);
			defaultConfigurationIsVisible = 0;
			defaultConfigurationName = Release;
		};
/* End XCConfigurationList section */

/* Begin XCVersionGroup section */
		CDD0EB012632D1F000FC099B /* Main.xcdatamodeld */ = {
			isa = XCVersionGroup;
			children = (
				CDD0EB022632D1F000FC099B /* Main.xcdatamodel */,
			);
			currentVersion = CDD0EB022632D1F000FC099B /* Main.xcdatamodel */;
			path = Main.xcdatamodeld;
			sourceTree = "<group>";
			versionGroupType = wrapper.xcdatamodel;
		};
/* End XCVersionGroup section */
	};
	rootObject = CDD0EAE62632D0DC00FC099B /* Project object */;
}
